// !$*UTF8*$!
{
	archiveVersion = 1;
	classes = {
	};
	objectVersion = 51;
	objects = {

/* Begin PBXBuildFile section */
		B7557C3125FCF655005D66D7 /* MapAnnotationData.swift in Sources */ = {isa = PBXBuildFile; fileRef = B7557C3025FCF655005D66D7 /* MapAnnotationData.swift */; };
		B7557C3425FCFD45005D66D7 /* MarkerView.swift in Sources */ = {isa = PBXBuildFile; fileRef = B7557C3325FCFD45005D66D7 /* MarkerView.swift */; };
		B766C5F9268C82540043B7CD /* Login.swift in Sources */ = {isa = PBXBuildFile; fileRef = B766C5F8268C82540043B7CD /* Login.swift */; };
		B7798BAB267FEE3E0005A6FC /* ChargerInfo.swift in Sources */ = {isa = PBXBuildFile; fileRef = B7798BAA267FEE3E0005A6FC /* ChargerInfo.swift */; };
		B7957D34267E05B00066E3DB /* PublicChargers.swift in Sources */ = {isa = PBXBuildFile; fileRef = B7957D33267E05B00066E3DB /* PublicChargers.swift */; };
		B7D2041E26925F4A0037BE70 /* GoogleService-Info.plist in Resources */ = {isa = PBXBuildFile; fileRef = B7D2041D26925F4A0037BE70 /* GoogleService-Info.plist */; };
		B7D2042026926C2F0037BE70 /* SignOut.swift in Sources */ = {isa = PBXBuildFile; fileRef = B7D2041F26926C2F0037BE70 /* SignOut.swift */; };
		B7DFB56C268BAF4A00E6298B /* Menu.swift in Sources */ = {isa = PBXBuildFile; fileRef = B7DFB56B268BAF4A00E6298B /* Menu.swift */; };
		B7E16FF82691FEFC009A67FD /* Register.swift in Sources */ = {isa = PBXBuildFile; fileRef = B7E16FF72691FEFC009A67FD /* Register.swift */; };
		B7E5F68125F0E6E10084073C /* AppDelegate.swift in Sources */ = {isa = PBXBuildFile; fileRef = B7E5F68025F0E6E10084073C /* AppDelegate.swift */; };
		B7E5F68325F0E6E10084073C /* SceneDelegate.swift in Sources */ = {isa = PBXBuildFile; fileRef = B7E5F68225F0E6E10084073C /* SceneDelegate.swift */; };
		B7E5F68525F0E6E10084073C /* HomeViewController.swift in Sources */ = {isa = PBXBuildFile; fileRef = B7E5F68425F0E6E10084073C /* HomeViewController.swift */; };
		B7E5F68825F0E6E10084073C /* Main.storyboard in Resources */ = {isa = PBXBuildFile; fileRef = B7E5F68625F0E6E10084073C /* Main.storyboard */; };
		B7E5F68A25F0E6E20084073C /* Assets.xcassets in Resources */ = {isa = PBXBuildFile; fileRef = B7E5F68925F0E6E20084073C /* Assets.xcassets */; };
		B7E5F68D25F0E6E20084073C /* LaunchScreen.storyboard in Resources */ = {isa = PBXBuildFile; fileRef = B7E5F68B25F0E6E20084073C /* LaunchScreen.storyboard */; };
		B7E5F69625F0FC080084073C /* LocationManager.swift in Sources */ = {isa = PBXBuildFile; fileRef = B7E5F69525F0FC080084073C /* LocationManager.swift */; };
		B7E5F69925F11AA20084073C /* Data.swift in Sources */ = {isa = PBXBuildFile; fileRef = B7E5F69825F11AA20084073C /* Data.swift */; };
		E5DCCEECAA99C41458F52F33 /* Pods_ChargeCar.framework in Frameworks */ = {isa = PBXBuildFile; fileRef = AEE7A5153CE612676531CE86 /* Pods_ChargeCar.framework */; };
/* End PBXBuildFile section */

/* Begin PBXFileReference section */
		3376E88AA9A4AB99DD1CD4F7 /* Pods-ChargeCar.release.xcconfig */ = {isa = PBXFileReference; includeInIndex = 1; lastKnownFileType = text.xcconfig; name = "Pods-ChargeCar.release.xcconfig"; path = "Target Support Files/Pods-ChargeCar/Pods-ChargeCar.release.xcconfig"; sourceTree = "<group>"; };
		6245D7B27E990969FA0811CB /* Pods-ChargeCar.debug.xcconfig */ = {isa = PBXFileReference; includeInIndex = 1; lastKnownFileType = text.xcconfig; name = "Pods-ChargeCar.debug.xcconfig"; path = "Target Support Files/Pods-ChargeCar/Pods-ChargeCar.debug.xcconfig"; sourceTree = "<group>"; };
		AEE7A5153CE612676531CE86 /* Pods_ChargeCar.framework */ = {isa = PBXFileReference; explicitFileType = wrapper.framework; includeInIndex = 0; path = Pods_ChargeCar.framework; sourceTree = BUILT_PRODUCTS_DIR; };
		B7557C3025FCF655005D66D7 /* MapAnnotationData.swift */ = {isa = PBXFileReference; lastKnownFileType = sourcecode.swift; path = MapAnnotationData.swift; sourceTree = "<group>"; };
		B7557C3325FCFD45005D66D7 /* MarkerView.swift */ = {isa = PBXFileReference; lastKnownFileType = sourcecode.swift; path = MarkerView.swift; sourceTree = "<group>"; };
		B766C5F8268C82540043B7CD /* Login.swift */ = {isa = PBXFileReference; lastKnownFileType = sourcecode.swift; path = Login.swift; sourceTree = "<group>"; };
		B7798BAA267FEE3E0005A6FC /* ChargerInfo.swift */ = {isa = PBXFileReference; lastKnownFileType = sourcecode.swift; path = ChargerInfo.swift; sourceTree = "<group>"; };
		B7957D33267E05B00066E3DB /* PublicChargers.swift */ = {isa = PBXFileReference; lastKnownFileType = sourcecode.swift; path = PublicChargers.swift; sourceTree = "<group>"; };
		B7D1A5A5267CFD54004796ED /* SVProgressHUD.framework */ = {isa = PBXFileReference; explicitFileType = wrapper.framework; path = SVProgressHUD.framework; sourceTree = BUILT_PRODUCTS_DIR; };
		B7D2041D26925F4A0037BE70 /* GoogleService-Info.plist */ = {isa = PBXFileReference; fileEncoding = 4; lastKnownFileType = text.plist.xml; path = "GoogleService-Info.plist"; sourceTree = "<group>"; };
		B7D2041F26926C2F0037BE70 /* SignOut.swift */ = {isa = PBXFileReference; lastKnownFileType = sourcecode.swift; path = SignOut.swift; sourceTree = "<group>"; };
		B7DFB56B268BAF4A00E6298B /* Menu.swift */ = {isa = PBXFileReference; lastKnownFileType = sourcecode.swift; name = Menu.swift; path = ChargeCar/View/Menu.swift; sourceTree = SOURCE_ROOT; };
		B7E16FF72691FEFC009A67FD /* Register.swift */ = {isa = PBXFileReference; fileEncoding = 4; lastKnownFileType = sourcecode.swift; path = Register.swift; sourceTree = "<group>"; };
		B7E5F67D25F0E6E10084073C /* ChargeCar.app */ = {isa = PBXFileReference; explicitFileType = wrapper.application; includeInIndex = 0; path = ChargeCar.app; sourceTree = BUILT_PRODUCTS_DIR; };
		B7E5F68025F0E6E10084073C /* AppDelegate.swift */ = {isa = PBXFileReference; lastKnownFileType = sourcecode.swift; path = AppDelegate.swift; sourceTree = "<group>"; };
		B7E5F68225F0E6E10084073C /* SceneDelegate.swift */ = {isa = PBXFileReference; lastKnownFileType = sourcecode.swift; path = SceneDelegate.swift; sourceTree = "<group>"; };
		B7E5F68425F0E6E10084073C /* HomeViewController.swift */ = {isa = PBXFileReference; lastKnownFileType = sourcecode.swift; path = HomeViewController.swift; sourceTree = "<group>"; };
		B7E5F68725F0E6E10084073C /* Base */ = {isa = PBXFileReference; lastKnownFileType = file.storyboard; name = Base; path = Base.lproj/Main.storyboard; sourceTree = "<group>"; };
		B7E5F68925F0E6E20084073C /* Assets.xcassets */ = {isa = PBXFileReference; lastKnownFileType = folder.assetcatalog; path = Assets.xcassets; sourceTree = "<group>"; };
		B7E5F68C25F0E6E20084073C /* Base */ = {isa = PBXFileReference; lastKnownFileType = file.storyboard; name = Base; path = Base.lproj/LaunchScreen.storyboard; sourceTree = "<group>"; };
		B7E5F68E25F0E6E20084073C /* Info.plist */ = {isa = PBXFileReference; lastKnownFileType = text.plist.xml; path = Info.plist; sourceTree = "<group>"; };
		B7E5F69525F0FC080084073C /* LocationManager.swift */ = {isa = PBXFileReference; lastKnownFileType = sourcecode.swift; path = LocationManager.swift; sourceTree = "<group>"; };
		B7E5F69825F11AA20084073C /* Data.swift */ = {isa = PBXFileReference; lastKnownFileType = sourcecode.swift; path = Data.swift; sourceTree = "<group>"; };
/* End PBXFileReference section */

/* Begin PBXFrameworksBuildPhase section */
		B7E5F67A25F0E6E10084073C /* Frameworks */ = {
			isa = PBXFrameworksBuildPhase;
			buildActionMask = 2147483647;
			files = (
				E5DCCEECAA99C41458F52F33 /* Pods_ChargeCar.framework in Frameworks */,
			);
			runOnlyForDeploymentPostprocessing = 0;
		};
/* End PBXFrameworksBuildPhase section */

/* Begin PBXGroup section */
		1E2F0AB0201DE321B995ADAC /* Pods */ = {
			isa = PBXGroup;
			children = (
				6245D7B27E990969FA0811CB /* Pods-ChargeCar.debug.xcconfig */,
				3376E88AA9A4AB99DD1CD4F7 /* Pods-ChargeCar.release.xcconfig */,
			);
			path = Pods;
			sourceTree = "<group>";
		};
		B7957D30267E03C50066E3DB /* Model */ = {
			isa = PBXGroup;
			children = (
				B7557C3025FCF655005D66D7 /* MapAnnotationData.swift */,
				B7E5F69825F11AA20084073C /* Data.swift */,
				B7957D33267E05B00066E3DB /* PublicChargers.swift */,
			);
			path = Model;
			sourceTree = "<group>";
		};
		B7957D31267E03D50066E3DB /* View */ = {
			isa = PBXGroup;
			children = (
				B7557C3325FCFD45005D66D7 /* MarkerView.swift */,
				B7E5F68625F0E6E10084073C /* Main.storyboard */,
				B7E5F68925F0E6E20084073C /* Assets.xcassets */,
				B7E5F68B25F0E6E20084073C /* LaunchScreen.storyboard */,
			);
			path = View;
			sourceTree = "<group>";
		};
		B7957D32267E03DA0066E3DB /* Controller */ = {
			isa = PBXGroup;
			children = (
				B7E16FF72691FEFC009A67FD /* Register.swift */,
				B766C5F8268C82540043B7CD /* Login.swift */,
				B7D2041F26926C2F0037BE70 /* SignOut.swift */,
				B7DFB56B268BAF4A00E6298B /* Menu.swift */,
				B7E5F69525F0FC080084073C /* LocationManager.swift */,
				B7E5F68025F0E6E10084073C /* AppDelegate.swift */,
				B7E5F68225F0E6E10084073C /* SceneDelegate.swift */,
				B7E5F68425F0E6E10084073C /* HomeViewController.swift */,
				B7798BAA267FEE3E0005A6FC /* ChargerInfo.swift */,
			);
			path = Controller;
			sourceTree = "<group>";
		};
		B7E5F67425F0E6E10084073C = {
			isa = PBXGroup;
			children = (
				B7E5F68E25F0E6E20084073C /* Info.plist */,
				B7D2041D26925F4A0037BE70 /* GoogleService-Info.plist */,
				B7E5F67F25F0E6E10084073C /* ChargeCar */,
				B7E5F67E25F0E6E10084073C /* Products */,
				1E2F0AB0201DE321B995ADAC /* Pods */,
				EBC6EA2D141F33349CAF5059 /* Frameworks */,
			);
			sourceTree = "<group>";
		};
		B7E5F67E25F0E6E10084073C /* Products */ = {
			isa = PBXGroup;
			children = (
				B7E5F67D25F0E6E10084073C /* ChargeCar.app */,
			);
			name = Products;
			sourceTree = "<group>";
		};
		B7E5F67F25F0E6E10084073C /* ChargeCar */ = {
			isa = PBXGroup;
			children = (
				B7957D32267E03DA0066E3DB /* Controller */,
				B7957D31267E03D50066E3DB /* View */,
				B7957D30267E03C50066E3DB /* Model */,
			);
			path = ChargeCar;
			sourceTree = "<group>";
		};
		EBC6EA2D141F33349CAF5059 /* Frameworks */ = {
			isa = PBXGroup;
			children = (
				B7D1A5A5267CFD54004796ED /* SVProgressHUD.framework */,
				AEE7A5153CE612676531CE86 /* Pods_ChargeCar.framework */,
			);
			name = Frameworks;
			sourceTree = "<group>";
		};
/* End PBXGroup section */

/* Begin PBXNativeTarget section */
		B7E5F67C25F0E6E10084073C /* ChargeCar */ = {
			isa = PBXNativeTarget;
			buildConfigurationList = B7E5F69125F0E6E20084073C /* Build configuration list for PBXNativeTarget "ChargeCar" */;
			buildPhases = (
				E54E733A35F919D4E8CD6E03 /* [CP] Check Pods Manifest.lock */,
				B7E5F67925F0E6E10084073C /* Sources */,
				B7E5F67A25F0E6E10084073C /* Frameworks */,
				B7E5F67B25F0E6E10084073C /* Resources */,
				4719DEFF2F523A854413AE55 /* [CP] Embed Pods Frameworks */,
			);
			buildRules = (
			);
			dependencies = (
			);
			name = ChargeCar;
			productName = ChargeCar;
			productReference = B7E5F67D25F0E6E10084073C /* ChargeCar.app */;
			productType = "com.apple.product-type.application";
		};
/* End PBXNativeTarget section */

/* Begin PBXProject section */
		B7E5F67525F0E6E10084073C /* Project object */ = {
			isa = PBXProject;
			attributes = {
				KnownAssetTags = (
					1,
				);
				LastSwiftUpdateCheck = 1240;
				LastUpgradeCheck = 1240;
				TargetAttributes = {
					B7E5F67C25F0E6E10084073C = {
						CreatedOnToolsVersion = 12.4;
					};
				};
			};
			buildConfigurationList = B7E5F67825F0E6E10084073C /* Build configuration list for PBXProject "ChargeCar" */;
			compatibilityVersion = "Xcode 9.3";
			developmentRegion = en;
			hasScannedForEncodings = 0;
			knownRegions = (
				en,
				Base,
			);
			mainGroup = B7E5F67425F0E6E10084073C;
			productRefGroup = B7E5F67E25F0E6E10084073C /* Products */;
			projectDirPath = "";
			projectRoot = "";
			targets = (
				B7E5F67C25F0E6E10084073C /* ChargeCar */,
			);
		};
/* End PBXProject section */

/* Begin PBXResourcesBuildPhase section */
		B7E5F67B25F0E6E10084073C /* Resources */ = {
			isa = PBXResourcesBuildPhase;
			buildActionMask = 2147483647;
			files = (
				B7E5F68D25F0E6E20084073C /* LaunchScreen.storyboard in Resources */,
				B7D2041E26925F4A0037BE70 /* GoogleService-Info.plist in Resources */,
				B7E5F68A25F0E6E20084073C /* Assets.xcassets in Resources */,
				B7E5F68825F0E6E10084073C /* Main.storyboard in Resources */,
			);
			runOnlyForDeploymentPostprocessing = 0;
		};
/* End PBXResourcesBuildPhase section */

/* Begin PBXShellScriptBuildPhase section */
		4719DEFF2F523A854413AE55 /* [CP] Embed Pods Frameworks */ = {
			isa = PBXShellScriptBuildPhase;
			buildActionMask = 2147483647;
			files = (
			);
			inputFileListPaths = (
				"${PODS_ROOT}/Target Support Files/Pods-ChargeCar/Pods-ChargeCar-frameworks-${CONFIGURATION}-input-files.xcfilelist",
			);
			name = "[CP] Embed Pods Frameworks";
			outputFileListPaths = (
				"${PODS_ROOT}/Target Support Files/Pods-ChargeCar/Pods-ChargeCar-frameworks-${CONFIGURATION}-output-files.xcfilelist",
			);
			runOnlyForDeploymentPostprocessing = 0;
			shellPath = /bin/sh;
			shellScript = "\"${PODS_ROOT}/Target Support Files/Pods-ChargeCar/Pods-ChargeCar-frameworks.sh\"\n";
			showEnvVarsInLog = 0;
		};
		E54E733A35F919D4E8CD6E03 /* [CP] Check Pods Manifest.lock */ = {
			isa = PBXShellScriptBuildPhase;
			buildActionMask = 2147483647;
			files = (
			);
			inputFileListPaths = (
			);
			inputPaths = (
				"${PODS_PODFILE_DIR_PATH}/Podfile.lock",
				"${PODS_ROOT}/Manifest.lock",
			);
			name = "[CP] Check Pods Manifest.lock";
			outputFileListPaths = (
			);
			outputPaths = (
				"$(DERIVED_FILE_DIR)/Pods-ChargeCar-checkManifestLockResult.txt",
			);
			runOnlyForDeploymentPostprocessing = 0;
			shellPath = /bin/sh;
			shellScript = "diff \"${PODS_PODFILE_DIR_PATH}/Podfile.lock\" \"${PODS_ROOT}/Manifest.lock\" > /dev/null\nif [ $? != 0 ] ; then\n    # print error to STDERR\n    echo \"error: The sandbox is not in sync with the Podfile.lock. Run 'pod install' or update your CocoaPods installation.\" >&2\n    exit 1\nfi\n# This output is used by Xcode 'outputs' to avoid re-running this script phase.\necho \"SUCCESS\" > \"${SCRIPT_OUTPUT_FILE_0}\"\n";
			showEnvVarsInLog = 0;
		};
/* End PBXShellScriptBuildPhase section */

/* Begin PBXSourcesBuildPhase section */
		B7E5F67925F0E6E10084073C /* Sources */ = {
			isa = PBXSourcesBuildPhase;
			buildActionMask = 2147483647;
			files = (
				B7D2042026926C2F0037BE70 /* SignOut.swift in Sources */,
				B7E5F69625F0FC080084073C /* LocationManager.swift in Sources */,
				B7557C3425FCFD45005D66D7 /* MarkerView.swift in Sources */,
				B7798BAB267FEE3E0005A6FC /* ChargerInfo.swift in Sources */,
				B7E5F69925F11AA20084073C /* Data.swift in Sources */,
				B7DFB56C268BAF4A00E6298B /* Menu.swift in Sources */,
				B7E5F68525F0E6E10084073C /* HomeViewController.swift in Sources */,
				B7E16FF82691FEFC009A67FD /* Register.swift in Sources */,
				B766C5F9268C82540043B7CD /* Login.swift in Sources */,
				B7557C3125FCF655005D66D7 /* MapAnnotationData.swift in Sources */,
				B7957D34267E05B00066E3DB /* PublicChargers.swift in Sources */,
				B7E5F68125F0E6E10084073C /* AppDelegate.swift in Sources */,
				B7E5F68325F0E6E10084073C /* SceneDelegate.swift in Sources */,
			);
			runOnlyForDeploymentPostprocessing = 0;
		};
/* End PBXSourcesBuildPhase section */

/* Begin PBXVariantGroup section */
		B7E5F68625F0E6E10084073C /* Main.storyboard */ = {
			isa = PBXVariantGroup;
			children = (
				B7E5F68725F0E6E10084073C /* Base */,
			);
			name = Main.storyboard;
			sourceTree = "<group>";
		};
		B7E5F68B25F0E6E20084073C /* LaunchScreen.storyboard */ = {
			isa = PBXVariantGroup;
			children = (
				B7E5F68C25F0E6E20084073C /* Base */,
			);
			name = LaunchScreen.storyboard;
			sourceTree = "<group>";
		};
/* End PBXVariantGroup section */

/* Begin XCBuildConfiguration section */
		B7E5F68F25F0E6E20084073C /* Debug */ = {
			isa = XCBuildConfiguration;
			buildSettings = {
				ALWAYS_SEARCH_USER_PATHS = NO;
				CLANG_ANALYZER_NONNULL = YES;
				CLANG_ANALYZER_NUMBER_OBJECT_CONVERSION = YES_AGGRESSIVE;
				CLANG_CXX_LANGUAGE_STANDARD = "gnu++14";
				CLANG_CXX_LIBRARY = "libc++";
				CLANG_ENABLE_MODULES = YES;
				CLANG_ENABLE_OBJC_ARC = YES;
				CLANG_ENABLE_OBJC_WEAK = YES;
				CLANG_WARN_BLOCK_CAPTURE_AUTORELEASING = YES;
				CLANG_WARN_BOOL_CONVERSION = YES;
				CLANG_WARN_COMMA = YES;
				CLANG_WARN_CONSTANT_CONVERSION = YES;
				CLANG_WARN_DEPRECATED_OBJC_IMPLEMENTATIONS = YES;
				CLANG_WARN_DIRECT_OBJC_ISA_USAGE = YES_ERROR;
				CLANG_WARN_DOCUMENTATION_COMMENTS = YES;
				CLANG_WARN_EMPTY_BODY = YES;
				CLANG_WARN_ENUM_CONVERSION = YES;
				CLANG_WARN_INFINITE_RECURSION = YES;
				CLANG_WARN_INT_CONVERSION = YES;
				CLANG_WARN_NON_LITERAL_NULL_CONVERSION = YES;
				CLANG_WARN_OBJC_IMPLICIT_RETAIN_SELF = YES;
				CLANG_WARN_OBJC_LITERAL_CONVERSION = YES;
				CLANG_WARN_OBJC_ROOT_CLASS = YES_ERROR;
				CLANG_WARN_QUOTED_INCLUDE_IN_FRAMEWORK_HEADER = YES;
				CLANG_WARN_RANGE_LOOP_ANALYSIS = YES;
				CLANG_WARN_STRICT_PROTOTYPES = YES;
				CLANG_WARN_SUSPICIOUS_MOVE = YES;
				CLANG_WARN_UNGUARDED_AVAILABILITY = YES_AGGRESSIVE;
				CLANG_WARN_UNREACHABLE_CODE = YES;
				CLANG_WARN__DUPLICATE_METHOD_MATCH = YES;
				COPY_PHASE_STRIP = NO;
				DEBUG_INFORMATION_FORMAT = dwarf;
				ENABLE_STRICT_OBJC_MSGSEND = YES;
				ENABLE_TESTABILITY = YES;
				GCC_C_LANGUAGE_STANDARD = gnu11;
				GCC_DYNAMIC_NO_PIC = NO;
				GCC_NO_COMMON_BLOCKS = YES;
				GCC_OPTIMIZATION_LEVEL = 0;
				GCC_PREPROCESSOR_DEFINITIONS = (
					"DEBUG=1",
					"$(inherited)",
				);
				GCC_WARN_64_TO_32_BIT_CONVERSION = YES;
				GCC_WARN_ABOUT_RETURN_TYPE = YES_ERROR;
				GCC_WARN_UNDECLARED_SELECTOR = YES;
				GCC_WARN_UNINITIALIZED_AUTOS = YES_AGGRESSIVE;
				GCC_WARN_UNUSED_FUNCTION = YES;
				GCC_WARN_UNUSED_VARIABLE = YES;
				IPHONEOS_DEPLOYMENT_TARGET = 14.4;
				MTL_ENABLE_DEBUG_INFO = INCLUDE_SOURCE;
				MTL_FAST_MATH = YES;
				ONLY_ACTIVE_ARCH = YES;
				SDKROOT = iphoneos;
				SWIFT_ACTIVE_COMPILATION_CONDITIONS = DEBUG;
				SWIFT_OPTIMIZATION_LEVEL = "-Onone";
			};
			name = Debug;
		};
		B7E5F69025F0E6E20084073C /* Release */ = {
			isa = XCBuildConfiguration;
			buildSettings = {
				ALWAYS_SEARCH_USER_PATHS = NO;
				CLANG_ANALYZER_NONNULL = YES;
				CLANG_ANALYZER_NUMBER_OBJECT_CONVERSION = YES_AGGRESSIVE;
				CLANG_CXX_LANGUAGE_STANDARD = "gnu++14";
				CLANG_CXX_LIBRARY = "libc++";
				CLANG_ENABLE_MODULES = YES;
				CLANG_ENABLE_OBJC_ARC = YES;
				CLANG_ENABLE_OBJC_WEAK = YES;
				CLANG_WARN_BLOCK_CAPTURE_AUTORELEASING = YES;
				CLANG_WARN_BOOL_CONVERSION = YES;
				CLANG_WARN_COMMA = YES;
				CLANG_WARN_CONSTANT_CONVERSION = YES;
				CLANG_WARN_DEPRECATED_OBJC_IMPLEMENTATIONS = YES;
				CLANG_WARN_DIRECT_OBJC_ISA_USAGE = YES_ERROR;
				CLANG_WARN_DOCUMENTATION_COMMENTS = YES;
				CLANG_WARN_EMPTY_BODY = YES;
				CLANG_WARN_ENUM_CONVERSION = YES;
				CLANG_WARN_INFINITE_RECURSION = YES;
				CLANG_WARN_INT_CONVERSION = YES;
				CLANG_WARN_NON_LITERAL_NULL_CONVERSION = YES;
				CLANG_WARN_OBJC_IMPLICIT_RETAIN_SELF = YES;
				CLANG_WARN_OBJC_LITERAL_CONVERSION = YES;
				CLANG_WARN_OBJC_ROOT_CLASS = YES_ERROR;
				CLANG_WARN_QUOTED_INCLUDE_IN_FRAMEWORK_HEADER = YES;
				CLANG_WARN_RANGE_LOOP_ANALYSIS = YES;
				CLANG_WARN_STRICT_PROTOTYPES = YES;
				CLANG_WARN_SUSPICIOUS_MOVE = YES;
				CLANG_WARN_UNGUARDED_AVAILABILITY = YES_AGGRESSIVE;
				CLANG_WARN_UNREACHABLE_CODE = YES;
				CLANG_WARN__DUPLICATE_METHOD_MATCH = YES;
				COPY_PHASE_STRIP = NO;
				DEBUG_INFORMATION_FORMAT = "dwarf-with-dsym";
				ENABLE_NS_ASSERTIONS = NO;
				ENABLE_STRICT_OBJC_MSGSEND = YES;
				GCC_C_LANGUAGE_STANDARD = gnu11;
				GCC_NO_COMMON_BLOCKS = YES;
				GCC_WARN_64_TO_32_BIT_CONVERSION = YES;
				GCC_WARN_ABOUT_RETURN_TYPE = YES_ERROR;
				GCC_WARN_UNDECLARED_SELECTOR = YES;
				GCC_WARN_UNINITIALIZED_AUTOS = YES_AGGRESSIVE;
				GCC_WARN_UNUSED_FUNCTION = YES;
				GCC_WARN_UNUSED_VARIABLE = YES;
				IPHONEOS_DEPLOYMENT_TARGET = 14.4;
				MTL_ENABLE_DEBUG_INFO = NO;
				MTL_FAST_MATH = YES;
				SDKROOT = iphoneos;
				SWIFT_COMPILATION_MODE = wholemodule;
				SWIFT_OPTIMIZATION_LEVEL = "-O";
				VALIDATE_PRODUCT = YES;
			};
			name = Release;
		};
		B7E5F69225F0E6E20084073C /* Debug */ = {
			isa = XCBuildConfiguration;
			baseConfigurationReference = 6245D7B27E990969FA0811CB /* Pods-ChargeCar.debug.xcconfig */;
			buildSettings = {
				ASSETCATALOG_COMPILER_APPICON_NAME = AppIcon;
				ASSETCATALOG_COMPILER_GLOBAL_ACCENT_COLOR_NAME = AccentColor;
				CODE_SIGN_STYLE = Automatic;
				DEVELOPMENT_TEAM = 7WYDVY5R2Q;
				INFOPLIST_FILE = ChargeCar/Info.plist;
				LD_RUNPATH_SEARCH_PATHS = (
					"$(inherited)",
					"@executable_path/Frameworks",
				);
				PRODUCT_BUNDLE_IDENTIFIER = com.LukeHinton.ChargeCar;
				PRODUCT_NAME = "$(TARGET_NAME)";
				SWIFT_VERSION = 5.0;
				TARGETED_DEVICE_FAMILY = "1,2";
			};
			name = Debug;
		};
		B7E5F69325F0E6E20084073C /* Release */ = {
			isa = XCBuildConfiguration;
			baseConfigurationReference = 3376E88AA9A4AB99DD1CD4F7 /* Pods-ChargeCar.release.xcconfig */;
			buildSettings = {
				ASSETCATALOG_COMPILER_APPICON_NAME = AppIcon;
				ASSETCATALOG_COMPILER_GLOBAL_ACCENT_COLOR_NAME = AccentColor;
				CODE_SIGN_STYLE = Automatic;
				DEVELOPMENT_TEAM = 7WYDVY5R2Q;
				INFOPLIST_FILE = ChargeCar/Info.plist;
				LD_RUNPATH_SEARCH_PATHS = (
					"$(inherited)",
					"@executable_path/Frameworks",
				);
				PRODUCT_BUNDLE_IDENTIFIER = com.LukeHinton.ChargeCar;
				PRODUCT_NAME = "$(TARGET_NAME)";
				SWIFT_VERSION = 5.0;
				TARGETED_DEVICE_FAMILY = "1,2";
			};
			name = Release;
		};
/* End XCBuildConfiguration section */

/* Begin XCConfigurationList section */
		B7E5F67825F0E6E10084073C /* Build configuration list for PBXProject "ChargeCar" */ = {
			isa = XCConfigurationList;
			buildConfigurations = (
				B7E5F68F25F0E6E20084073C /* Debug */,
				B7E5F69025F0E6E20084073C /* Release */,
			);
			defaultConfigurationIsVisible = 0;
			defaultConfigurationName = Release;
		};
		B7E5F69125F0E6E20084073C /* Build configuration list for PBXNativeTarget "ChargeCar" */ = {
			isa = XCConfigurationList;
			buildConfigurations = (
				B7E5F69225F0E6E20084073C /* Debug */,
				B7E5F69325F0E6E20084073C /* Release */,
			);
			defaultConfigurationIsVisible = 0;
			defaultConfigurationName = Release;
		};
/* End XCConfigurationList section */
	};
	rootObject = B7E5F67525F0E6E10084073C /* Project object */;
}
